<Solution>
  <Folder Name="/Solution Items/">
    <File Path=".editorconfig" />
    <File Path=".github/workflows/release_docker.yml" />
    <File Path="README.md" />
  </Folder>
  <Project Path="IMDB.API.ApiService/IMDB.API.ApiService.csproj" />
  <Project Path="IMDB.API.AppHost/IMDB.API.AppHost.csproj" />
  <Project Path="IMDB.API.ServiceDefaults/IMDB.API.ServiceDefaults.csproj" />
</Solution>
